
Microsoft Visual Studio Solution File, Format Version 12.00
# Visual Studio Version 16
VisualStudioVersion = 16.0.30413.136
MinimumVisualStudioVersion = 10.0.40219.1
Project("{9A19103F-16F7-4668-BE54-9A1E7A4F7556}") = "Ui", "Ui\Ui.csproj", "{854A52AA-2C1C-4A87-9746-B31C2A85DE5C}"
EndProject
Project("{9A19103F-16F7-4668-BE54-9A1E7A4F7556}") = "DAL", "DAL\DAL.csproj", "{9676DA67-4CB7-4D1E-B7F8-8BDDAA29C61B}"
EndProject
Project("{9A19103F-16F7-4668-BE54-9A1E7A4F7556}") = "Entities", "Entities\Entities.csproj", "{8B5731E0-BAC5-4AE8-B3DF-8B3370621A2A}"
EndProject
Global
	GlobalSection(SolutionConfigurationPlatforms) = preSolution
		Debug|Any CPU = Debug|Any CPU
		Release|Any CPU = Release|Any CPU
	EndGlobalSection
	GlobalSection(ProjectConfigurationPlatforms) = postSolution
		{854A52AA-2C1C-4A87-9746-B31C2A85DE5C}.Debug|Any CPU.ActiveCfg = Debug|Any CPU
		{854A52AA-2C1C-4A87-9746-B31C2A85DE5C}.Debug|Any CPU.Build.0 = Debug|Any CPU
		{854A52AA-2C1C-4A87-9746-B31C2A85DE5C}.Release|Any CPU.ActiveCfg = Release|Any CPU
		{854A52AA-2C1C-4A87-9746-B31C2A85DE5C}.Release|Any CPU.Build.0 = Release|Any CPU
		{9676DA67-4CB7-4D1E-B7F8-8BDDAA29C61B}.Debug|Any CPU.ActiveCfg = Debug|Any CPU
		{9676DA67-4CB7-4D1E-B7F8-8BDDAA29C61B}.Debug|Any CPU.Build.0 = Debug|Any CPU
		{9676DA67-4CB7-4D1E-B7F8-8BDDAA29C61B}.Release|Any CPU.ActiveCfg = Release|Any CPU
		{9676DA67-4CB7-4D1E-B7F8-8BDDAA29C61B}.Release|Any CPU.Build.0 = Release|Any CPU
		{8B5731E0-BAC5-4AE8-B3DF-8B3370621A2A}.Debug|Any CPU.ActiveCfg = Debug|Any CPU
		{8B5731E0-BAC5-4AE8-B3DF-8B3370621A2A}.Debug|Any CPU.Build.0 = Debug|Any CPU
		{8B5731E0-BAC5-4AE8-B3DF-8B3370621A2A}.Release|Any CPU.ActiveCfg = Release|Any CPU
		{8B5731E0-BAC5-4AE8-B3DF-8B3370621A2A}.Release|Any CPU.Build.0 = Release|Any CPU
	EndGlobalSection
	GlobalSection(SolutionProperties) = preSolution
		HideSolutionNode = FALSE
	EndGlobalSection
	GlobalSection(ExtensibilityGlobals) = postSolution
		SolutionGuid = {92877F12-C3B3-466B-933C-BED854B526F4}
	EndGlobalSection
EndGlobal
